{
    "_readme": [
        "This file locks the dependencies of your project to a known state",
        "Read more about it at https://getcomposer.org/doc/01-basic-usage.md#composer-lock-the-lock-file",
        "This file is @generated automatically"
    ],
    "hash": "6079f6e53218320946b75ea283225806",
    "content-hash": "de00e29d076e33ee64f60d4db28a19fe",
    "packages": [
        {
            "name": "braga/db",
            "version": "dev-trunk",
            "source": {
                "type": "svn",
                "url": "https://svn.code.sf.net/p/braga/code/db",
                "reference": "/trunk/@40"
            },
            "require": {
                "braga/tools": "dev-trunk",
                "php": ">=5.4.0"
            },
            "type": "library",
            "autoload": {
                "psr-4": {
                    "braga\\db\\": "src"
                }
            },
            "notification-url": "https://packagist.org/downloads/",
            "license": [
                "MIT"
            ],
            "authors": [
                {
                    "name": "Tomasz Gajewski",
                    "email": "tgajewski007@gmail.com",
                    "role": "Developer"
                }
            ],
            "description": "DB Wraper",
            "homepage": "https://sourceforge.net/projects/braga/",
            "keywords": [
                "db",
                "mysql",
                "oracle",
                "pdo"
            ],
            "time": "2016-09-05 15:34:44"
        },
        {
            "name": "braga/tools",
            "version": "dev-trunk",
            "source": {
                "type": "svn",
                "url": "https://svn.code.sf.net/p/braga/code/tools",
                "reference": "/trunk/@39"
            },
            "require": {
                "php": ">=5.4"
            },
            "type": "library",
            "autoload": {
                "psr-4": {
                    "braga\\tools\\": "src"
                }
            },
            "notification-url": "https://packagist.org/downloads/",
            "license": [
                "MIT"
            ],
            "description": "Many difrent tools lib",
            "keywords": [
                "libs",
                "tools"
            ],
            "time": "2016-09-04 21:18:05"
        }
    ],
    "packages-dev": [],
    "aliases": [],
    "minimum-stability": "dev",
    "stability-flags": {
        "braga/tools": 20,
        "braga/db": 20
    },
    "prefer-stable": false,
    "prefer-lowest": false,
    "platform": {
        "php": ">=5.4"
    },
    "platform-dev": []
}
